
Microsoft Visual Studio Solution File, Format Version 12.00
# Visual Studio Version 17
VisualStudioVersion = 17.4.33110.190
MinimumVisualStudioVersion = 10.0.40219.1
Project("{FAE04EC0-301F-11D3-BF4B-00C04F79EFBC}") = "atividade", "atividade\atividade.csproj", "{68C35745-A379-4FDD-86F6-A1AF2EF7A072}"
EndProject
Global
	GlobalSection(SolutionConfigurationPlatforms) = preSolution
		Debug|Any CPU = Debug|Any CPU
		Release|Any CPU = Release|Any CPU
	EndGlobalSection
	GlobalSection(ProjectConfigurationPlatforms) = postSolution
		{68C35745-A379-4FDD-86F6-A1AF2EF7A072}.Debug|Any CPU.ActiveCfg = Debug|Any CPU
		{68C35745-A379-4FDD-86F6-A1AF2EF7A072}.Debug|Any CPU.Build.0 = Debug|Any CPU
		{68C35745-A379-4FDD-86F6-A1AF2EF7A072}.Release|Any CPU.ActiveCfg = Release|Any CPU
		{68C35745-A379-4FDD-86F6-A1AF2EF7A072}.Release|Any CPU.Build.0 = Release|Any CPU
	EndGlobalSection
	GlobalSection(SolutionProperties) = preSolution
		HideSolutionNode = FALSE
	EndGlobalSection
	GlobalSection(ExtensibilityGlobals) = postSolution
		SolutionGuid = {095081AD-176D-4379-9E37-CB8E64189752}
	EndGlobalSection
EndGlobal
